PODS:
  - IQKeyboardManager (6.2.1)
  - KeychainSwift (15.0.0)
  - Prestyler (1.1.0)
  - ReachabilitySwift (4.3.1)
  - SnapKit (5.0.0)
  - StatusAlert (1.1.1)
  - SwipeCellKit (2.6.0)
  - ViewAnimator (2.5.1)

DEPENDENCIES:
  - IQKeyboardManager
  - KeychainSwift
  - Prestyler
  - ReachabilitySwift
  - SnapKit
  - StatusAlert
  - SwipeCellKit
  - ViewAnimator

SPEC REPOS:
  https://github.com/cocoapods/specs.git:
    - IQKeyboardManager
    - KeychainSwift
    - Prestyler
    - ReachabilitySwift
    - SnapKit
    - StatusAlert
    - SwipeCellKit
    - ViewAnimator

SPEC CHECKSUMS:
  IQKeyboardManager: 964638372b4a61892cc74fdfa6fd26de8c9464a2
  KeychainSwift: c6fc018d287804faf1ce3f258a1e51a7178c8382
  Prestyler: 738297750a0e56ba2664197413e5eac4b3ef72c4
  ReachabilitySwift: 4032e2f59586e11e3b0ebe15b167abdd587a388b
  SnapKit: fd22d10eb9aff484d79a8724eab922c1ddf89bcf
  StatusAlert: a18ec3c33d36a06d4479c1f2b15ffac67aaf7ab1
  SwipeCellKit: 935ca28c187ec6e1ffb2b578cf8ddca842bfdcbb
  ViewAnimator: 173932c659a43c5a15c665878750d92801ae2cf1

PODFILE CHECKSUM: 811ba16a4704c0b6dd04452f16f3c9a09fa2fa62

COCOAPODS: 1.6.0.beta.2
