// !$*UTF8*$!
{
	archiveVersion = 1;
	classes = {
	};
	objectVersion = 50;
	objects = {

/* Begin PBXBuildFile section */
		81C10A38ED2E6956B6E53C7F /* Pods_OktoIDE.framework in Frameworks */ = {isa = PBXBuildFile; fileRef = E06FA0881537B767C61BD1AA /* Pods_OktoIDE.framework */; };
		ACE9F6F4AA56162B5DB621BE /* Pods_OktoIDETests.framework in Frameworks */ = {isa = PBXBuildFile; fileRef = 4671A3161A021BAD085681D4 /* Pods_OktoIDETests.framework */; };
		B81F63F6229F73D7000EB97E /* ProfilePageController.swift in Sources */ = {isa = PBXBuildFile; fileRef = B81F63F5229F73D7000EB97E /* ProfilePageController.swift */; };
		B824D36822ACA68E002577D3 /* CoreDataManager.swift in Sources */ = {isa = PBXBuildFile; fileRef = B824D36722ACA68E002577D3 /* CoreDataManager.swift */; };
		B8449C8422B1D84800B973E0 /* Data+Extension.swift in Sources */ = {isa = PBXBuildFile; fileRef = B8449C8322B1D84800B973E0 /* Data+Extension.swift */; };
		B8449C8722B1D8E700B973E0 /* File+CoreDataClass.swift in Sources */ = {isa = PBXBuildFile; fileRef = B8449C8522B1D8E700B973E0 /* File+CoreDataClass.swift */; };
		B8449C8822B1D8E700B973E0 /* File+CoreDataProperties.swift in Sources */ = {isa = PBXBuildFile; fileRef = B8449C8622B1D8E700B973E0 /* File+CoreDataProperties.swift */; };
		B855B73B22A0984500FA2E67 /* BaseUICollectionList.swift in Sources */ = {isa = PBXBuildFile; fileRef = B855B73A22A0984500FA2E67 /* BaseUICollectionList.swift */; };
		B855B73D22A0993500FA2E67 /* AllFilesCollectionViewCell.swift in Sources */ = {isa = PBXBuildFile; fileRef = B855B73C22A0993500FA2E67 /* AllFilesCollectionViewCell.swift */; };
		B855B74122A0C27B00FA2E67 /* SyntaxHighlightService.swift in Sources */ = {isa = PBXBuildFile; fileRef = B855B74022A0C27B00FA2E67 /* SyntaxHighlightService.swift */; };
		B855B74322A0CA3300FA2E67 /* HomePageViewController+Extensions.swift in Sources */ = {isa = PBXBuildFile; fileRef = B855B74222A0CA3300FA2E67 /* HomePageViewController+Extensions.swift */; };
		B855B74622A0CBC400FA2E67 /* Helper.swift in Sources */ = {isa = PBXBuildFile; fileRef = B855B74522A0CBC400FA2E67 /* Helper.swift */; };
		B85DCE1222A5DBC20035B74C /* TextEditorController+Extension.swift in Sources */ = {isa = PBXBuildFile; fileRef = B85DCE1122A5DBC20035B74C /* TextEditorController+Extension.swift */; };
		B85DCE1422A5DFC40035B74C /* GithubService.swift in Sources */ = {isa = PBXBuildFile; fileRef = B85DCE1322A5DFC40035B74C /* GithubService.swift */; };
		B86DFDCA229A134C0075C666 /* AppDelegate.swift in Sources */ = {isa = PBXBuildFile; fileRef = B86DFDC9229A134C0075C666 /* AppDelegate.swift */; };
		B86DFDD2229A134C0075C666 /* OktoIDE.xcdatamodeld in Sources */ = {isa = PBXBuildFile; fileRef = B86DFDD0229A134C0075C666 /* OktoIDE.xcdatamodeld */; };
		B86DFDD4229A134D0075C666 /* Assets.xcassets in Resources */ = {isa = PBXBuildFile; fileRef = B86DFDD3229A134D0075C666 /* Assets.xcassets */; };
		B86DFDD7229A134D0075C666 /* LaunchScreen.storyboard in Resources */ = {isa = PBXBuildFile; fileRef = B86DFDD5229A134D0075C666 /* LaunchScreen.storyboard */; };
		B86DFDE2229A134D0075C666 /* OktoIDETests.swift in Sources */ = {isa = PBXBuildFile; fileRef = B86DFDE1229A134D0075C666 /* OktoIDETests.swift */; };
		B87F656F22B9A31D00A72403 /* User.swift in Sources */ = {isa = PBXBuildFile; fileRef = B87F656E22B9A31D00A72403 /* User.swift */; };
		B87F657122B9B4B300A72403 /* LoginViewController.swift in Sources */ = {isa = PBXBuildFile; fileRef = B87F657022B9B4B300A72403 /* LoginViewController.swift */; };
		B88D2D76229D95E40032A531 /* HomePageViewController.swift in Sources */ = {isa = PBXBuildFile; fileRef = B88D2D75229D95E40032A531 /* HomePageViewController.swift */; };
		B88D2D78229D96620032A531 /* BaseTabBarController.swift in Sources */ = {isa = PBXBuildFile; fileRef = B88D2D77229D96620032A531 /* BaseTabBarController.swift */; };
		B88D2D7A229DAC000032A531 /* TextEditorController.swift in Sources */ = {isa = PBXBuildFile; fileRef = B88D2D79229DAC000032A531 /* TextEditorController.swift */; };
		B88D2D7D229DAD830032A531 /* UIView+Extension.swift in Sources */ = {isa = PBXBuildFile; fileRef = B88D2D7C229DAD830032A531 /* UIView+Extension.swift */; };
		B88D2D7F229DADAB0032A531 /* CustomUIElements.swift in Sources */ = {isa = PBXBuildFile; fileRef = B88D2D7E229DADAB0032A531 /* CustomUIElements.swift */; };
		B88D2D85229DB1560032A531 /* UIColor+Extension.swift in Sources */ = {isa = PBXBuildFile; fileRef = B88D2D84229DB1560032A531 /* UIColor+Extension.swift */; };
		B88D2D87229DB18F0032A531 /* UIButton+Extension.swift in Sources */ = {isa = PBXBuildFile; fileRef = B88D2D86229DB18F0032A531 /* UIButton+Extension.swift */; };
		B88D2D89229DB46F0032A531 /* UITextView+Extension.swift in Sources */ = {isa = PBXBuildFile; fileRef = B88D2D88229DB46F0032A531 /* UITextView+Extension.swift */; };
		B8A9520122B86A4400788BF3 /* KeyboardService.swift in Sources */ = {isa = PBXBuildFile; fileRef = B8A9520022B86A4400788BF3 /* KeyboardService.swift */; };
		B8DFC3D722A5EDFB00EED470 /* CreateFileController.swift in Sources */ = {isa = PBXBuildFile; fileRef = B8DFC3D622A5EDFB00EED470 /* CreateFileController.swift */; };
		B8DFC3D922A5FC1100EED470 /* ThemeService.swift in Sources */ = {isa = PBXBuildFile; fileRef = B8DFC3D822A5FC1100EED470 /* ThemeService.swift */; };
/* End PBXBuildFile section */

/* Begin PBXContainerItemProxy section */
		B86DFDDE229A134D0075C666 /* PBXContainerItemProxy */ = {
			isa = PBXContainerItemProxy;
			containerPortal = B86DFDBE229A134C0075C666 /* Project object */;
			proxyType = 1;
			remoteGlobalIDString = B86DFDC5229A134C0075C666;
			remoteInfo = OktoIDE;
		};
/* End PBXContainerItemProxy section */

/* Begin PBXFileReference section */
		4671A3161A021BAD085681D4 /* Pods_OktoIDETests.framework */ = {isa = PBXFileReference; explicitFileType = wrapper.framework; includeInIndex = 0; path = Pods_OktoIDETests.framework; sourceTree = BUILT_PRODUCTS_DIR; };
		49FE197C465654C215EC18FB /* Pods-OktoIDE.release.xcconfig */ = {isa = PBXFileReference; includeInIndex = 1; lastKnownFileType = text.xcconfig; name = "Pods-OktoIDE.release.xcconfig"; path = "Target Support Files/Pods-OktoIDE/Pods-OktoIDE.release.xcconfig"; sourceTree = "<group>"; };
		AB761808C3DFF67D080A62E5 /* Pods-OktoIDE.debug.xcconfig */ = {isa = PBXFileReference; includeInIndex = 1; lastKnownFileType = text.xcconfig; name = "Pods-OktoIDE.debug.xcconfig"; path = "Target Support Files/Pods-OktoIDE/Pods-OktoIDE.debug.xcconfig"; sourceTree = "<group>"; };
		B81F63F5229F73D7000EB97E /* ProfilePageController.swift */ = {isa = PBXFileReference; lastKnownFileType = sourcecode.swift; path = ProfilePageController.swift; sourceTree = "<group>"; };
		B824D36722ACA68E002577D3 /* CoreDataManager.swift */ = {isa = PBXFileReference; lastKnownFileType = sourcecode.swift; path = CoreDataManager.swift; sourceTree = "<group>"; };
		B8449C8322B1D84800B973E0 /* Data+Extension.swift */ = {isa = PBXFileReference; lastKnownFileType = sourcecode.swift; path = "Data+Extension.swift"; sourceTree = "<group>"; };
		B8449C8522B1D8E700B973E0 /* File+CoreDataClass.swift */ = {isa = PBXFileReference; lastKnownFileType = sourcecode.swift; path = "File+CoreDataClass.swift"; sourceTree = "<group>"; };
		B8449C8622B1D8E700B973E0 /* File+CoreDataProperties.swift */ = {isa = PBXFileReference; lastKnownFileType = sourcecode.swift; path = "File+CoreDataProperties.swift"; sourceTree = "<group>"; };
		B855B73A22A0984500FA2E67 /* BaseUICollectionList.swift */ = {isa = PBXFileReference; lastKnownFileType = sourcecode.swift; path = BaseUICollectionList.swift; sourceTree = "<group>"; };
		B855B73C22A0993500FA2E67 /* AllFilesCollectionViewCell.swift */ = {isa = PBXFileReference; lastKnownFileType = sourcecode.swift; path = AllFilesCollectionViewCell.swift; sourceTree = "<group>"; };
		B855B74022A0C27B00FA2E67 /* SyntaxHighlightService.swift */ = {isa = PBXFileReference; lastKnownFileType = sourcecode.swift; path = SyntaxHighlightService.swift; sourceTree = "<group>"; };
		B855B74222A0CA3300FA2E67 /* HomePageViewController+Extensions.swift */ = {isa = PBXFileReference; lastKnownFileType = sourcecode.swift; path = "HomePageViewController+Extensions.swift"; sourceTree = "<group>"; };
		B855B74522A0CBC400FA2E67 /* Helper.swift */ = {isa = PBXFileReference; lastKnownFileType = sourcecode.swift; path = Helper.swift; sourceTree = "<group>"; };
		B85DCE1122A5DBC20035B74C /* TextEditorController+Extension.swift */ = {isa = PBXFileReference; lastKnownFileType = sourcecode.swift; path = "TextEditorController+Extension.swift"; sourceTree = "<group>"; };
		B85DCE1322A5DFC40035B74C /* GithubService.swift */ = {isa = PBXFileReference; lastKnownFileType = sourcecode.swift; path = GithubService.swift; sourceTree = "<group>"; };
		B86DFDC6229A134C0075C666 /* OktoIDE.app */ = {isa = PBXFileReference; explicitFileType = wrapper.application; includeInIndex = 0; path = OktoIDE.app; sourceTree = BUILT_PRODUCTS_DIR; };
		B86DFDC9229A134C0075C666 /* AppDelegate.swift */ = {isa = PBXFileReference; lastKnownFileType = sourcecode.swift; path = AppDelegate.swift; sourceTree = "<group>"; };
		B86DFDD1229A134C0075C666 /* OktoIDE.xcdatamodel */ = {isa = PBXFileReference; lastKnownFileType = wrapper.xcdatamodel; path = OktoIDE.xcdatamodel; sourceTree = "<group>"; };
		B86DFDD3229A134D0075C666 /* Assets.xcassets */ = {isa = PBXFileReference; lastKnownFileType = folder.assetcatalog; path = Assets.xcassets; sourceTree = "<group>"; };
		B86DFDD6229A134D0075C666 /* Base */ = {isa = PBXFileReference; lastKnownFileType = file.storyboard; name = Base; path = Base.lproj/LaunchScreen.storyboard; sourceTree = "<group>"; };
		B86DFDD8229A134D0075C666 /* Info.plist */ = {isa = PBXFileReference; lastKnownFileType = text.plist.xml; path = Info.plist; sourceTree = "<group>"; };
		B86DFDDD229A134D0075C666 /* OktoIDETests.xctest */ = {isa = PBXFileReference; explicitFileType = wrapper.cfbundle; includeInIndex = 0; path = OktoIDETests.xctest; sourceTree = BUILT_PRODUCTS_DIR; };
		B86DFDE1229A134D0075C666 /* OktoIDETests.swift */ = {isa = PBXFileReference; lastKnownFileType = sourcecode.swift; path = OktoIDETests.swift; sourceTree = "<group>"; };
		B86DFDE3229A134D0075C666 /* Info.plist */ = {isa = PBXFileReference; lastKnownFileType = text.plist.xml; path = Info.plist; sourceTree = "<group>"; };
		B87F656E22B9A31D00A72403 /* User.swift */ = {isa = PBXFileReference; lastKnownFileType = sourcecode.swift; path = User.swift; sourceTree = "<group>"; };
		B87F657022B9B4B300A72403 /* LoginViewController.swift */ = {isa = PBXFileReference; lastKnownFileType = sourcecode.swift; path = LoginViewController.swift; sourceTree = "<group>"; };
		B88D2D75229D95E40032A531 /* HomePageViewController.swift */ = {isa = PBXFileReference; lastKnownFileType = sourcecode.swift; path = HomePageViewController.swift; sourceTree = "<group>"; };
		B88D2D77229D96620032A531 /* BaseTabBarController.swift */ = {isa = PBXFileReference; lastKnownFileType = sourcecode.swift; path = BaseTabBarController.swift; sourceTree = "<group>"; };
		B88D2D79229DAC000032A531 /* TextEditorController.swift */ = {isa = PBXFileReference; lastKnownFileType = sourcecode.swift; path = TextEditorController.swift; sourceTree = "<group>"; };
		B88D2D7C229DAD830032A531 /* UIView+Extension.swift */ = {isa = PBXFileReference; lastKnownFileType = sourcecode.swift; path = "UIView+Extension.swift"; sourceTree = "<group>"; };
		B88D2D7E229DADAB0032A531 /* CustomUIElements.swift */ = {isa = PBXFileReference; lastKnownFileType = sourcecode.swift; path = CustomUIElements.swift; sourceTree = "<group>"; };
		B88D2D84229DB1560032A531 /* UIColor+Extension.swift */ = {isa = PBXFileReference; lastKnownFileType = sourcecode.swift; path = "UIColor+Extension.swift"; sourceTree = "<group>"; };
		B88D2D86229DB18F0032A531 /* UIButton+Extension.swift */ = {isa = PBXFileReference; lastKnownFileType = sourcecode.swift; path = "UIButton+Extension.swift"; sourceTree = "<group>"; };
		B88D2D88229DB46F0032A531 /* UITextView+Extension.swift */ = {isa = PBXFileReference; lastKnownFileType = sourcecode.swift; path = "UITextView+Extension.swift"; sourceTree = "<group>"; };
		B8A9520022B86A4400788BF3 /* KeyboardService.swift */ = {isa = PBXFileReference; lastKnownFileType = sourcecode.swift; path = KeyboardService.swift; sourceTree = "<group>"; };
		B8DFC3D622A5EDFB00EED470 /* CreateFileController.swift */ = {isa = PBXFileReference; lastKnownFileType = sourcecode.swift; path = CreateFileController.swift; sourceTree = "<group>"; };
		B8DFC3D822A5FC1100EED470 /* ThemeService.swift */ = {isa = PBXFileReference; lastKnownFileType = sourcecode.swift; path = ThemeService.swift; sourceTree = "<group>"; };
		C30B973FCF4DE03F52D9D446 /* Pods-OktoIDETests.debug.xcconfig */ = {isa = PBXFileReference; includeInIndex = 1; lastKnownFileType = text.xcconfig; name = "Pods-OktoIDETests.debug.xcconfig"; path = "Target Support Files/Pods-OktoIDETests/Pods-OktoIDETests.debug.xcconfig"; sourceTree = "<group>"; };
		D283395F867BB9351BC646E8 /* Pods-OktoIDETests.release.xcconfig */ = {isa = PBXFileReference; includeInIndex = 1; lastKnownFileType = text.xcconfig; name = "Pods-OktoIDETests.release.xcconfig"; path = "Target Support Files/Pods-OktoIDETests/Pods-OktoIDETests.release.xcconfig"; sourceTree = "<group>"; };
		E06FA0881537B767C61BD1AA /* Pods_OktoIDE.framework */ = {isa = PBXFileReference; explicitFileType = wrapper.framework; includeInIndex = 0; path = Pods_OktoIDE.framework; sourceTree = BUILT_PRODUCTS_DIR; };
/* End PBXFileReference section */

/* Begin PBXFrameworksBuildPhase section */
		B86DFDC3229A134C0075C666 /* Frameworks */ = {
			isa = PBXFrameworksBuildPhase;
			buildActionMask = 2147483647;
			files = (
				81C10A38ED2E6956B6E53C7F /* Pods_OktoIDE.framework in Frameworks */,
			);
			runOnlyForDeploymentPostprocessing = 0;
		};
		B86DFDDA229A134D0075C666 /* Frameworks */ = {
			isa = PBXFrameworksBuildPhase;
			buildActionMask = 2147483647;
			files = (
				ACE9F6F4AA56162B5DB621BE /* Pods_OktoIDETests.framework in Frameworks */,
			);
			runOnlyForDeploymentPostprocessing = 0;
		};
/* End PBXFrameworksBuildPhase section */

/* Begin PBXGroup section */
		19EB0813B5DE698AA684AAF3 /* Frameworks */ = {
			isa = PBXGroup;
			children = (
				E06FA0881537B767C61BD1AA /* Pods_OktoIDE.framework */,
				4671A3161A021BAD085681D4 /* Pods_OktoIDETests.framework */,
			);
			name = Frameworks;
			sourceTree = "<group>";
		};
		74C5210CC4FC95C9B9846230 /* Pods */ = {
			isa = PBXGroup;
			children = (
				AB761808C3DFF67D080A62E5 /* Pods-OktoIDE.debug.xcconfig */,
				49FE197C465654C215EC18FB /* Pods-OktoIDE.release.xcconfig */,
				C30B973FCF4DE03F52D9D446 /* Pods-OktoIDETests.debug.xcconfig */,
				D283395F867BB9351BC646E8 /* Pods-OktoIDETests.release.xcconfig */,
			);
			path = Pods;
			sourceTree = "<group>";
		};
		B855B74422A0CB9C00FA2E67 /* Helper */ = {
			isa = PBXGroup;
			children = (
				B855B74522A0CBC400FA2E67 /* Helper.swift */,
			);
			path = Helper;
			sourceTree = "<group>";
		};
		B86DFDBD229A134C0075C666 = {
			isa = PBXGroup;
			children = (
				B86DFDC8229A134C0075C666 /* OktoIDE */,
				B86DFDE0229A134D0075C666 /* OktoIDETests */,
				B86DFDC7229A134C0075C666 /* Products */,
				74C5210CC4FC95C9B9846230 /* Pods */,
				19EB0813B5DE698AA684AAF3 /* Frameworks */,
			);
			sourceTree = "<group>";
		};
		B86DFDC7229A134C0075C666 /* Products */ = {
			isa = PBXGroup;
			children = (
				B86DFDC6229A134C0075C666 /* OktoIDE.app */,
				B86DFDDD229A134D0075C666 /* OktoIDETests.xctest */,
			);
			name = Products;
			sourceTree = "<group>";
		};
		B86DFDC8229A134C0075C666 /* OktoIDE */ = {
			isa = PBXGroup;
			children = (
				B855B74422A0CB9C00FA2E67 /* Helper */,
				B88D2D7B229DAD3D0032A531 /* Extension */,
				B88D2D70229D95440032A531 /* Supporting Files */,
				B88D2D74229D95950032A531 /* Service */,
				B88D2D73229D958B0032A531 /* Networking */,
				B88D2D72229D957A0032A531 /* Persistence */,
				B88D2D71229D95680032A531 /* View */,
				B88D2D6E229D94DF0032A531 /* Controller */,
				B88D2D6D229D94D20032A531 /* ViewModel */,
				B88D2D6C229D94C40032A531 /* Model */,
				B86DFDD3229A134D0075C666 /* Assets.xcassets */,
				B86DFDD8229A134D0075C666 /* Info.plist */,
				B86DFDD0229A134C0075C666 /* OktoIDE.xcdatamodeld */,
			);
			path = OktoIDE;
			sourceTree = "<group>";
		};
		B86DFDE0229A134D0075C666 /* OktoIDETests */ = {
			isa = PBXGroup;
			children = (
				B86DFDE1229A134D0075C666 /* OktoIDETests.swift */,
				B86DFDE3229A134D0075C666 /* Info.plist */,
			);
			path = OktoIDETests;
			sourceTree = "<group>";
		};
		B88D2D6C229D94C40032A531 /* Model */ = {
			isa = PBXGroup;
			children = (
				B8449C8522B1D8E700B973E0 /* File+CoreDataClass.swift */,
				B8449C8622B1D8E700B973E0 /* File+CoreDataProperties.swift */,
				B87F656E22B9A31D00A72403 /* User.swift */,
			);
			path = Model;
			sourceTree = "<group>";
		};
		B88D2D6D229D94D20032A531 /* ViewModel */ = {
			isa = PBXGroup;
			children = (
			);
			path = ViewModel;
			sourceTree = "<group>";
		};
		B88D2D6E229D94DF0032A531 /* Controller */ = {
			isa = PBXGroup;
			children = (
				B88D2D83229DAE450032A531 /* Home */,
				B88D2D82229DAE330032A531 /* Profile */,
				B88D2D80229DAE200032A531 /* TextEditor */,
				B88D2D77229D96620032A531 /* BaseTabBarController.swift */,
				B855B73A22A0984500FA2E67 /* BaseUICollectionList.swift */,
				B8DFC3D622A5EDFB00EED470 /* CreateFileController.swift */,
				B87F657022B9B4B300A72403 /* LoginViewController.swift */,
			);
			path = Controller;
			sourceTree = "<group>";
		};
		B88D2D70229D95440032A531 /* Supporting Files */ = {
			isa = PBXGroup;
			children = (
				B86DFDC9229A134C0075C666 /* AppDelegate.swift */,
			);
			path = "Supporting Files";
			sourceTree = "<group>";
		};
		B88D2D71229D95680032A531 /* View */ = {
			isa = PBXGroup;
			children = (
				B86DFDD5229A134D0075C666 /* LaunchScreen.storyboard */,
				B88D2D7E229DADAB0032A531 /* CustomUIElements.swift */,
				B855B73C22A0993500FA2E67 /* AllFilesCollectionViewCell.swift */,
			);
			path = View;
			sourceTree = "<group>";
		};
		B88D2D72229D957A0032A531 /* Persistence */ = {
			isa = PBXGroup;
			children = (
				B824D36722ACA68E002577D3 /* CoreDataManager.swift */,
			);
			path = Persistence;
			sourceTree = "<group>";
		};
		B88D2D73229D958B0032A531 /* Networking */ = {
			isa = PBXGroup;
			children = (
				B85DCE1322A5DFC40035B74C /* GithubService.swift */,
			);
			path = Networking;
			sourceTree = "<group>";
		};
		B88D2D74229D95950032A531 /* Service */ = {
			isa = PBXGroup;
			children = (
				B855B74022A0C27B00FA2E67 /* SyntaxHighlightService.swift */,
				B8DFC3D822A5FC1100EED470 /* ThemeService.swift */,
				B8A9520022B86A4400788BF3 /* KeyboardService.swift */,
			);
			path = Service;
			sourceTree = "<group>";
		};
		B88D2D7B229DAD3D0032A531 /* Extension */ = {
			isa = PBXGroup;
			children = (
				B88D2D7C229DAD830032A531 /* UIView+Extension.swift */,
				B88D2D84229DB1560032A531 /* UIColor+Extension.swift */,
				B88D2D86229DB18F0032A531 /* UIButton+Extension.swift */,
				B88D2D88229DB46F0032A531 /* UITextView+Extension.swift */,
				B8449C8322B1D84800B973E0 /* Data+Extension.swift */,
			);
			path = Extension;
			sourceTree = "<group>";
		};
		B88D2D80229DAE200032A531 /* TextEditor */ = {
			isa = PBXGroup;
			children = (
				B85DCE1122A5DBC20035B74C /* TextEditorController+Extension.swift */,
				B88D2D79229DAC000032A531 /* TextEditorController.swift */,
			);
			path = TextEditor;
			sourceTree = "<group>";
		};
		B88D2D82229DAE330032A531 /* Profile */ = {
			isa = PBXGroup;
			children = (
				B81F63F5229F73D7000EB97E /* ProfilePageController.swift */,
			);
			path = Profile;
			sourceTree = "<group>";
		};
		B88D2D83229DAE450032A531 /* Home */ = {
			isa = PBXGroup;
			children = (
				B855B74222A0CA3300FA2E67 /* HomePageViewController+Extensions.swift */,
				B88D2D75229D95E40032A531 /* HomePageViewController.swift */,
			);
			path = Home;
			sourceTree = "<group>";
		};
/* End PBXGroup section */

/* Begin PBXNativeTarget section */
		B86DFDC5229A134C0075C666 /* OktoIDE */ = {
			isa = PBXNativeTarget;
			buildConfigurationList = B86DFDE6229A134D0075C666 /* Build configuration list for PBXNativeTarget "OktoIDE" */;
			buildPhases = (
				C8EFCA9497919423C048B071 /* [CP] Check Pods Manifest.lock */,
				B86DFDC2229A134C0075C666 /* Sources */,
				B86DFDC3229A134C0075C666 /* Frameworks */,
				B86DFDC4229A134C0075C666 /* Resources */,
				7C67353BB27960C058BA35EF /* [CP] Embed Pods Frameworks */,
			);
			buildRules = (
			);
			dependencies = (
			);
			name = OktoIDE;
			productName = OktoIDE;
			productReference = B86DFDC6229A134C0075C666 /* OktoIDE.app */;
			productType = "com.apple.product-type.application";
		};
		B86DFDDC229A134D0075C666 /* OktoIDETests */ = {
			isa = PBXNativeTarget;
			buildConfigurationList = B86DFDE9229A134D0075C666 /* Build configuration list for PBXNativeTarget "OktoIDETests" */;
			buildPhases = (
				A0E8FB7454E12D0F52F36F06 /* [CP] Check Pods Manifest.lock */,
				B86DFDD9229A134D0075C666 /* Sources */,
				B86DFDDA229A134D0075C666 /* Frameworks */,
				B86DFDDB229A134D0075C666 /* Resources */,
			);
			buildRules = (
			);
			dependencies = (
				B86DFDDF229A134D0075C666 /* PBXTargetDependency */,
			);
			name = OktoIDETests;
			productName = OktoIDETests;
			productReference = B86DFDDD229A134D0075C666 /* OktoIDETests.xctest */;
			productType = "com.apple.product-type.bundle.unit-test";
		};
/* End PBXNativeTarget section */

/* Begin PBXProject section */
		B86DFDBE229A134C0075C666 /* Project object */ = {
			isa = PBXProject;
			attributes = {
				LastSwiftUpdateCheck = 1020;
				LastUpgradeCheck = 1020;
				ORGANIZATIONNAME = "Medi Assumani";
				TargetAttributes = {
					B86DFDC5229A134C0075C666 = {
						CreatedOnToolsVersion = 10.2.1;
					};
					B86DFDDC229A134D0075C666 = {
						CreatedOnToolsVersion = 10.2.1;
						TestTargetID = B86DFDC5229A134C0075C666;
					};
				};
			};
			buildConfigurationList = B86DFDC1229A134C0075C666 /* Build configuration list for PBXProject "OktoIDE" */;
			compatibilityVersion = "Xcode 9.3";
			developmentRegion = en;
			hasScannedForEncodings = 0;
			knownRegions = (
				en,
				Base,
			);
			mainGroup = B86DFDBD229A134C0075C666;
			productRefGroup = B86DFDC7229A134C0075C666 /* Products */;
			projectDirPath = "";
			projectRoot = "";
			targets = (
				B86DFDC5229A134C0075C666 /* OktoIDE */,
				B86DFDDC229A134D0075C666 /* OktoIDETests */,
			);
		};
/* End PBXProject section */

/* Begin PBXResourcesBuildPhase section */
		B86DFDC4229A134C0075C666 /* Resources */ = {
			isa = PBXResourcesBuildPhase;
			buildActionMask = 2147483647;
			files = (
				B86DFDD7229A134D0075C666 /* LaunchScreen.storyboard in Resources */,
				B86DFDD4229A134D0075C666 /* Assets.xcassets in Resources */,
			);
			runOnlyForDeploymentPostprocessing = 0;
		};
		B86DFDDB229A134D0075C666 /* Resources */ = {
			isa = PBXResourcesBuildPhase;
			buildActionMask = 2147483647;
			files = (
			);
			runOnlyForDeploymentPostprocessing = 0;
		};
/* End PBXResourcesBuildPhase section */

/* Begin PBXShellScriptBuildPhase section */
		7C67353BB27960C058BA35EF /* [CP] Embed Pods Frameworks */ = {
			isa = PBXShellScriptBuildPhase;
			buildActionMask = 2147483647;
			files = (
			);
			inputFileListPaths = (
			);
			inputPaths = (
				"${PODS_ROOT}/Target Support Files/Pods-OktoIDE/Pods-OktoIDE-frameworks.sh",
				"${BUILT_PRODUCTS_DIR}/BaseAPI/BaseAPI.framework",
				"${BUILT_PRODUCTS_DIR}/GithubAPI/GithubAPI.framework",
				"${BUILT_PRODUCTS_DIR}/IQKeyboardManager/IQKeyboardManager.framework",
				"${BUILT_PRODUCTS_DIR}/KeychainSwift/KeychainSwift.framework",
				"${BUILT_PRODUCTS_DIR}/Prestyler/Prestyler.framework",
				"${BUILT_PRODUCTS_DIR}/ReachabilitySwift/Reachability.framework",
				"${BUILT_PRODUCTS_DIR}/SnapKit/SnapKit.framework",
				"${BUILT_PRODUCTS_DIR}/StatusAlert/StatusAlert.framework",
				"${BUILT_PRODUCTS_DIR}/SwipeCellKit/SwipeCellKit.framework",
				"${BUILT_PRODUCTS_DIR}/ViewAnimator/ViewAnimator.framework",
			);
			name = "[CP] Embed Pods Frameworks";
			outputFileListPaths = (
			);
			outputPaths = (
				"${TARGET_BUILD_DIR}/${FRAMEWORKS_FOLDER_PATH}/BaseAPI.framework",
				"${TARGET_BUILD_DIR}/${FRAMEWORKS_FOLDER_PATH}/GithubAPI.framework",
				"${TARGET_BUILD_DIR}/${FRAMEWORKS_FOLDER_PATH}/IQKeyboardManager.framework",
				"${TARGET_BUILD_DIR}/${FRAMEWORKS_FOLDER_PATH}/KeychainSwift.framework",
				"${TARGET_BUILD_DIR}/${FRAMEWORKS_FOLDER_PATH}/Prestyler.framework",
				"${TARGET_BUILD_DIR}/${FRAMEWORKS_FOLDER_PATH}/Reachability.framework",
				"${TARGET_BUILD_DIR}/${FRAMEWORKS_FOLDER_PATH}/SnapKit.framework",
				"${TARGET_BUILD_DIR}/${FRAMEWORKS_FOLDER_PATH}/StatusAlert.framework",
				"${TARGET_BUILD_DIR}/${FRAMEWORKS_FOLDER_PATH}/SwipeCellKit.framework",
				"${TARGET_BUILD_DIR}/${FRAMEWORKS_FOLDER_PATH}/ViewAnimator.framework",
			);
			runOnlyForDeploymentPostprocessing = 0;
			shellPath = /bin/sh;
			shellScript = "\"${PODS_ROOT}/Target Support Files/Pods-OktoIDE/Pods-OktoIDE-frameworks.sh\"\n";
			showEnvVarsInLog = 0;
		};
		A0E8FB7454E12D0F52F36F06 /* [CP] Check Pods Manifest.lock */ = {
			isa = PBXShellScriptBuildPhase;
			buildActionMask = 2147483647;
			files = (
			);
			inputFileListPaths = (
			);
			inputPaths = (
				"${PODS_PODFILE_DIR_PATH}/Podfile.lock",
				"${PODS_ROOT}/Manifest.lock",
			);
			name = "[CP] Check Pods Manifest.lock";
			outputFileListPaths = (
			);
			outputPaths = (
				"$(DERIVED_FILE_DIR)/Pods-OktoIDETests-checkManifestLockResult.txt",
			);
			runOnlyForDeploymentPostprocessing = 0;
			shellPath = /bin/sh;
			shellScript = "diff \"${PODS_PODFILE_DIR_PATH}/Podfile.lock\" \"${PODS_ROOT}/Manifest.lock\" > /dev/null\nif [ $? != 0 ] ; then\n    # print error to STDERR\n    echo \"error: The sandbox is not in sync with the Podfile.lock. Run 'pod install' or update your CocoaPods installation.\" >&2\n    exit 1\nfi\n# This output is used by Xcode 'outputs' to avoid re-running this script phase.\necho \"SUCCESS\" > \"${SCRIPT_OUTPUT_FILE_0}\"\n";
			showEnvVarsInLog = 0;
		};
		C8EFCA9497919423C048B071 /* [CP] Check Pods Manifest.lock */ = {
			isa = PBXShellScriptBuildPhase;
			buildActionMask = 2147483647;
			files = (
			);
			inputFileListPaths = (
			);
			inputPaths = (
				"${PODS_PODFILE_DIR_PATH}/Podfile.lock",
				"${PODS_ROOT}/Manifest.lock",
			);
			name = "[CP] Check Pods Manifest.lock";
			outputFileListPaths = (
			);
			outputPaths = (
				"$(DERIVED_FILE_DIR)/Pods-OktoIDE-checkManifestLockResult.txt",
			);
			runOnlyForDeploymentPostprocessing = 0;
			shellPath = /bin/sh;
			shellScript = "diff \"${PODS_PODFILE_DIR_PATH}/Podfile.lock\" \"${PODS_ROOT}/Manifest.lock\" > /dev/null\nif [ $? != 0 ] ; then\n    # print error to STDERR\n    echo \"error: The sandbox is not in sync with the Podfile.lock. Run 'pod install' or update your CocoaPods installation.\" >&2\n    exit 1\nfi\n# This output is used by Xcode 'outputs' to avoid re-running this script phase.\necho \"SUCCESS\" > \"${SCRIPT_OUTPUT_FILE_0}\"\n";
			showEnvVarsInLog = 0;
		};
/* End PBXShellScriptBuildPhase section */

/* Begin PBXSourcesBuildPhase section */
		B86DFDC2229A134C0075C666 /* Sources */ = {
			isa = PBXSourcesBuildPhase;
			buildActionMask = 2147483647;
			files = (
				B87F657122B9B4B300A72403 /* LoginViewController.swift in Sources */,
				B87F656F22B9A31D00A72403 /* User.swift in Sources */,
				B81F63F6229F73D7000EB97E /* ProfilePageController.swift in Sources */,
				B8DFC3D722A5EDFB00EED470 /* CreateFileController.swift in Sources */,
				B855B74622A0CBC400FA2E67 /* Helper.swift in Sources */,
				B88D2D76229D95E40032A531 /* HomePageViewController.swift in Sources */,
				B85DCE1222A5DBC20035B74C /* TextEditorController+Extension.swift in Sources */,
				B8DFC3D922A5FC1100EED470 /* ThemeService.swift in Sources */,
				B8449C8722B1D8E700B973E0 /* File+CoreDataClass.swift in Sources */,
				B855B74322A0CA3300FA2E67 /* HomePageViewController+Extensions.swift in Sources */,
				B855B73D22A0993500FA2E67 /* AllFilesCollectionViewCell.swift in Sources */,
				B88D2D7D229DAD830032A531 /* UIView+Extension.swift in Sources */,
				B88D2D89229DB46F0032A531 /* UITextView+Extension.swift in Sources */,
				B824D36822ACA68E002577D3 /* CoreDataManager.swift in Sources */,
				B88D2D87229DB18F0032A531 /* UIButton+Extension.swift in Sources */,
				B855B74122A0C27B00FA2E67 /* SyntaxHighlightService.swift in Sources */,
				B88D2D85229DB1560032A531 /* UIColor+Extension.swift in Sources */,
				B88D2D78229D96620032A531 /* BaseTabBarController.swift in Sources */,
				B8A9520122B86A4400788BF3 /* KeyboardService.swift in Sources */,
				B8449C8422B1D84800B973E0 /* Data+Extension.swift in Sources */,
				B88D2D7A229DAC000032A531 /* TextEditorController.swift in Sources */,
				B86DFDD2229A134C0075C666 /* OktoIDE.xcdatamodeld in Sources */,
				B8449C8822B1D8E700B973E0 /* File+CoreDataProperties.swift in Sources */,
				B855B73B22A0984500FA2E67 /* BaseUICollectionList.swift in Sources */,
				B85DCE1422A5DFC40035B74C /* GithubService.swift in Sources */,
				B86DFDCA229A134C0075C666 /* AppDelegate.swift in Sources */,
				B88D2D7F229DADAB0032A531 /* CustomUIElements.swift in Sources */,
			);
			runOnlyForDeploymentPostprocessing = 0;
		};
		B86DFDD9229A134D0075C666 /* Sources */ = {
			isa = PBXSourcesBuildPhase;
			buildActionMask = 2147483647;
			files = (
				B86DFDE2229A134D0075C666 /* OktoIDETests.swift in Sources */,
			);
			runOnlyForDeploymentPostprocessing = 0;
		};
/* End PBXSourcesBuildPhase section */

/* Begin PBXTargetDependency section */
		B86DFDDF229A134D0075C666 /* PBXTargetDependency */ = {
			isa = PBXTargetDependency;
			target = B86DFDC5229A134C0075C666 /* OktoIDE */;
			targetProxy = B86DFDDE229A134D0075C666 /* PBXContainerItemProxy */;
		};
/* End PBXTargetDependency section */

/* Begin PBXVariantGroup section */
		B86DFDD5229A134D0075C666 /* LaunchScreen.storyboard */ = {
			isa = PBXVariantGroup;
			children = (
				B86DFDD6229A134D0075C666 /* Base */,
			);
			name = LaunchScreen.storyboard;
			sourceTree = "<group>";
		};
/* End PBXVariantGroup section */

/* Begin XCBuildConfiguration section */
		B86DFDE4229A134D0075C666 /* Debug */ = {
			isa = XCBuildConfiguration;
			buildSettings = {
				ALWAYS_SEARCH_USER_PATHS = NO;
				CLANG_ANALYZER_NONNULL = YES;
				CLANG_ANALYZER_NUMBER_OBJECT_CONVERSION = YES_AGGRESSIVE;
				CLANG_CXX_LANGUAGE_STANDARD = "gnu++14";
				CLANG_CXX_LIBRARY = "libc++";
				CLANG_ENABLE_MODULES = YES;
				CLANG_ENABLE_OBJC_ARC = YES;
				CLANG_ENABLE_OBJC_WEAK = YES;
				CLANG_WARN_BLOCK_CAPTURE_AUTORELEASING = YES;
				CLANG_WARN_BOOL_CONVERSION = YES;
				CLANG_WARN_COMMA = YES;
				CLANG_WARN_CONSTANT_CONVERSION = YES;
				CLANG_WARN_DEPRECATED_OBJC_IMPLEMENTATIONS = YES;
				CLANG_WARN_DIRECT_OBJC_ISA_USAGE = YES_ERROR;
				CLANG_WARN_DOCUMENTATION_COMMENTS = YES;
				CLANG_WARN_EMPTY_BODY = YES;
				CLANG_WARN_ENUM_CONVERSION = YES;
				CLANG_WARN_INFINITE_RECURSION = YES;
				CLANG_WARN_INT_CONVERSION = YES;
				CLANG_WARN_NON_LITERAL_NULL_CONVERSION = YES;
				CLANG_WARN_OBJC_IMPLICIT_RETAIN_SELF = YES;
				CLANG_WARN_OBJC_LITERAL_CONVERSION = YES;
				CLANG_WARN_OBJC_ROOT_CLASS = YES_ERROR;
				CLANG_WARN_RANGE_LOOP_ANALYSIS = YES;
				CLANG_WARN_STRICT_PROTOTYPES = YES;
				CLANG_WARN_SUSPICIOUS_MOVE = YES;
				CLANG_WARN_UNGUARDED_AVAILABILITY = YES_AGGRESSIVE;
				CLANG_WARN_UNREACHABLE_CODE = YES;
				CLANG_WARN__DUPLICATE_METHOD_MATCH = YES;
				CODE_SIGN_IDENTITY = "iPhone Developer";
				COPY_PHASE_STRIP = NO;
				DEBUG_INFORMATION_FORMAT = dwarf;
				ENABLE_STRICT_OBJC_MSGSEND = YES;
				ENABLE_TESTABILITY = YES;
				GCC_C_LANGUAGE_STANDARD = gnu11;
				GCC_DYNAMIC_NO_PIC = NO;
				GCC_NO_COMMON_BLOCKS = YES;
				GCC_OPTIMIZATION_LEVEL = 0;
				GCC_PREPROCESSOR_DEFINITIONS = (
					"DEBUG=1",
					"$(inherited)",
				);
				GCC_WARN_64_TO_32_BIT_CONVERSION = YES;
				GCC_WARN_ABOUT_RETURN_TYPE = YES_ERROR;
				GCC_WARN_UNDECLARED_SELECTOR = YES;
				GCC_WARN_UNINITIALIZED_AUTOS = YES_AGGRESSIVE;
				GCC_WARN_UNUSED_FUNCTION = YES;
				GCC_WARN_UNUSED_VARIABLE = YES;
				IPHONEOS_DEPLOYMENT_TARGET = 12.2;
				MTL_ENABLE_DEBUG_INFO = INCLUDE_SOURCE;
				MTL_FAST_MATH = YES;
				ONLY_ACTIVE_ARCH = YES;
				SDKROOT = iphoneos;
				SWIFT_ACTIVE_COMPILATION_CONDITIONS = DEBUG;
				SWIFT_OPTIMIZATION_LEVEL = "-Onone";
			};
			name = Debug;
		};
		B86DFDE5229A134D0075C666 /* Release */ = {
			isa = XCBuildConfiguration;
			buildSettings = {
				ALWAYS_SEARCH_USER_PATHS = NO;
				CLANG_ANALYZER_NONNULL = YES;
				CLANG_ANALYZER_NUMBER_OBJECT_CONVERSION = YES_AGGRESSIVE;
				CLANG_CXX_LANGUAGE_STANDARD = "gnu++14";
				CLANG_CXX_LIBRARY = "libc++";
				CLANG_ENABLE_MODULES = YES;
				CLANG_ENABLE_OBJC_ARC = YES;
				CLANG_ENABLE_OBJC_WEAK = YES;
				CLANG_WARN_BLOCK_CAPTURE_AUTORELEASING = YES;
				CLANG_WARN_BOOL_CONVERSION = YES;
				CLANG_WARN_COMMA = YES;
				CLANG_WARN_CONSTANT_CONVERSION = YES;
				CLANG_WARN_DEPRECATED_OBJC_IMPLEMENTATIONS = YES;
				CLANG_WARN_DIRECT_OBJC_ISA_USAGE = YES_ERROR;
				CLANG_WARN_DOCUMENTATION_COMMENTS = YES;
				CLANG_WARN_EMPTY_BODY = YES;
				CLANG_WARN_ENUM_CONVERSION = YES;
				CLANG_WARN_INFINITE_RECURSION = YES;
				CLANG_WARN_INT_CONVERSION = YES;
				CLANG_WARN_NON_LITERAL_NULL_CONVERSION = YES;
				CLANG_WARN_OBJC_IMPLICIT_RETAIN_SELF = YES;
				CLANG_WARN_OBJC_LITERAL_CONVERSION = YES;
				CLANG_WARN_OBJC_ROOT_CLASS = YES_ERROR;
				CLANG_WARN_RANGE_LOOP_ANALYSIS = YES;
				CLANG_WARN_STRICT_PROTOTYPES = YES;
				CLANG_WARN_SUSPICIOUS_MOVE = YES;
				CLANG_WARN_UNGUARDED_AVAILABILITY = YES_AGGRESSIVE;
				CLANG_WARN_UNREACHABLE_CODE = YES;
				CLANG_WARN__DUPLICATE_METHOD_MATCH = YES;
				CODE_SIGN_IDENTITY = "iPhone Developer";
				COPY_PHASE_STRIP = NO;
				DEBUG_INFORMATION_FORMAT = "dwarf-with-dsym";
				ENABLE_NS_ASSERTIONS = NO;
				ENABLE_STRICT_OBJC_MSGSEND = YES;
				GCC_C_LANGUAGE_STANDARD = gnu11;
				GCC_NO_COMMON_BLOCKS = YES;
				GCC_WARN_64_TO_32_BIT_CONVERSION = YES;
				GCC_WARN_ABOUT_RETURN_TYPE = YES_ERROR;
				GCC_WARN_UNDECLARED_SELECTOR = YES;
				GCC_WARN_UNINITIALIZED_AUTOS = YES_AGGRESSIVE;
				GCC_WARN_UNUSED_FUNCTION = YES;
				GCC_WARN_UNUSED_VARIABLE = YES;
				IPHONEOS_DEPLOYMENT_TARGET = 12.2;
				MTL_ENABLE_DEBUG_INFO = NO;
				MTL_FAST_MATH = YES;
				SDKROOT = iphoneos;
				SWIFT_COMPILATION_MODE = wholemodule;
				SWIFT_OPTIMIZATION_LEVEL = "-O";
				VALIDATE_PRODUCT = YES;
			};
			name = Release;
		};
		B86DFDE7229A134D0075C666 /* Debug */ = {
			isa = XCBuildConfiguration;
			baseConfigurationReference = AB761808C3DFF67D080A62E5 /* Pods-OktoIDE.debug.xcconfig */;
			buildSettings = {
				ASSETCATALOG_COMPILER_APPICON_NAME = AppIcon;
				CODE_SIGN_STYLE = Automatic;
				DEVELOPMENT_TEAM = 966X5T4Q98;
				INFOPLIST_FILE = OktoIDE/Info.plist;
				LD_RUNPATH_SEARCH_PATHS = (
					"$(inherited)",
					"@executable_path/Frameworks",
				);
				PRODUCT_BUNDLE_IDENTIFIER = mediassumani.OktoIDE;
				PRODUCT_NAME = "$(TARGET_NAME)";
				SWIFT_VERSION = 5.0;
				TARGETED_DEVICE_FAMILY = "1,2";
			};
			name = Debug;
		};
		B86DFDE8229A134D0075C666 /* Release */ = {
			isa = XCBuildConfiguration;
			baseConfigurationReference = 49FE197C465654C215EC18FB /* Pods-OktoIDE.release.xcconfig */;
			buildSettings = {
				ASSETCATALOG_COMPILER_APPICON_NAME = AppIcon;
				CODE_SIGN_STYLE = Automatic;
				DEVELOPMENT_TEAM = 966X5T4Q98;
				INFOPLIST_FILE = OktoIDE/Info.plist;
				LD_RUNPATH_SEARCH_PATHS = (
					"$(inherited)",
					"@executable_path/Frameworks",
				);
				PRODUCT_BUNDLE_IDENTIFIER = mediassumani.OktoIDE;
				PRODUCT_NAME = "$(TARGET_NAME)";
				SWIFT_VERSION = 5.0;
				TARGETED_DEVICE_FAMILY = "1,2";
			};
			name = Release;
		};
		B86DFDEA229A134D0075C666 /* Debug */ = {
			isa = XCBuildConfiguration;
			baseConfigurationReference = C30B973FCF4DE03F52D9D446 /* Pods-OktoIDETests.debug.xcconfig */;
			buildSettings = {
				ALWAYS_EMBED_SWIFT_STANDARD_LIBRARIES = YES;
				BUNDLE_LOADER = "$(TEST_HOST)";
				CODE_SIGN_STYLE = Automatic;
				DEVELOPMENT_TEAM = 966X5T4Q98;
				INFOPLIST_FILE = OktoIDETests/Info.plist;
				LD_RUNPATH_SEARCH_PATHS = (
					"$(inherited)",
					"@executable_path/Frameworks",
					"@loader_path/Frameworks",
				);
				PRODUCT_BUNDLE_IDENTIFIER = mediassumani.OktoIDETests;
				PRODUCT_NAME = "$(TARGET_NAME)";
				SWIFT_VERSION = 5.0;
				TARGETED_DEVICE_FAMILY = "1,2";
				TEST_HOST = "$(BUILT_PRODUCTS_DIR)/OktoIDE.app/OktoIDE";
			};
			name = Debug;
		};
		B86DFDEB229A134D0075C666 /* Release */ = {
			isa = XCBuildConfiguration;
			baseConfigurationReference = D283395F867BB9351BC646E8 /* Pods-OktoIDETests.release.xcconfig */;
			buildSettings = {
				ALWAYS_EMBED_SWIFT_STANDARD_LIBRARIES = YES;
				BUNDLE_LOADER = "$(TEST_HOST)";
				CODE_SIGN_STYLE = Automatic;
				DEVELOPMENT_TEAM = 966X5T4Q98;
				INFOPLIST_FILE = OktoIDETests/Info.plist;
				LD_RUNPATH_SEARCH_PATHS = (
					"$(inherited)",
					"@executable_path/Frameworks",
					"@loader_path/Frameworks",
				);
				PRODUCT_BUNDLE_IDENTIFIER = mediassumani.OktoIDETests;
				PRODUCT_NAME = "$(TARGET_NAME)";
				SWIFT_VERSION = 5.0;
				TARGETED_DEVICE_FAMILY = "1,2";
				TEST_HOST = "$(BUILT_PRODUCTS_DIR)/OktoIDE.app/OktoIDE";
			};
			name = Release;
		};
/* End XCBuildConfiguration section */

/* Begin XCConfigurationList section */
		B86DFDC1229A134C0075C666 /* Build configuration list for PBXProject "OktoIDE" */ = {
			isa = XCConfigurationList;
			buildConfigurations = (
				B86DFDE4229A134D0075C666 /* Debug */,
				B86DFDE5229A134D0075C666 /* Release */,
			);
			defaultConfigurationIsVisible = 0;
			defaultConfigurationName = Release;
		};
		B86DFDE6229A134D0075C666 /* Build configuration list for PBXNativeTarget "OktoIDE" */ = {
			isa = XCConfigurationList;
			buildConfigurations = (
				B86DFDE7229A134D0075C666 /* Debug */,
				B86DFDE8229A134D0075C666 /* Release */,
			);
			defaultConfigurationIsVisible = 0;
			defaultConfigurationName = Release;
		};
		B86DFDE9229A134D0075C666 /* Build configuration list for PBXNativeTarget "OktoIDETests" */ = {
			isa = XCConfigurationList;
			buildConfigurations = (
				B86DFDEA229A134D0075C666 /* Debug */,
				B86DFDEB229A134D0075C666 /* Release */,
			);
			defaultConfigurationIsVisible = 0;
			defaultConfigurationName = Release;
		};
/* End XCConfigurationList section */

/* Begin XCVersionGroup section */
		B86DFDD0229A134C0075C666 /* OktoIDE.xcdatamodeld */ = {
			isa = XCVersionGroup;
			children = (
				B86DFDD1229A134C0075C666 /* OktoIDE.xcdatamodel */,
			);
			currentVersion = B86DFDD1229A134C0075C666 /* OktoIDE.xcdatamodel */;
			path = OktoIDE.xcdatamodeld;
			sourceTree = "<group>";
			versionGroupType = wrapper.xcdatamodel;
		};
/* End XCVersionGroup section */
	};
	rootObject = B86DFDBE229A134C0075C666 /* Project object */;
}
